
Microsoft Visual Studio Solution File, Format Version 12.00
# Visual Studio Version 17
VisualStudioVersion = 17.1.32421.90
MinimumVisualStudioVersion = 10.0.40219.1
Project("{FAE04EC0-301F-11D3-BF4B-00C04F79EFBC}") = "CotacaoMoeda", "CotacaoMoeda\CotacaoMoeda.csproj", "{0E9E45A2-1D90-4AED-89E4-CC62E9444ACD}"
EndProject
Global
	GlobalSection(SolutionConfigurationPlatforms) = preSolution
		Debug|Any CPU = Debug|Any CPU
		Release|Any CPU = Release|Any CPU
	EndGlobalSection
	GlobalSection(ProjectConfigurationPlatforms) = postSolution
		{0E9E45A2-1D90-4AED-89E4-CC62E9444ACD}.Debug|Any CPU.ActiveCfg = Debug|Any CPU
		{0E9E45A2-1D90-4AED-89E4-CC62E9444ACD}.Debug|Any CPU.Build.0 = Debug|Any CPU
		{0E9E45A2-1D90-4AED-89E4-CC62E9444ACD}.Release|Any CPU.ActiveCfg = Release|Any CPU
		{0E9E45A2-1D90-4AED-89E4-CC62E9444ACD}.Release|Any CPU.Build.0 = Release|Any CPU
	EndGlobalSection
	GlobalSection(SolutionProperties) = preSolution
		HideSolutionNode = FALSE
	EndGlobalSection
	GlobalSection(ExtensibilityGlobals) = postSolution
		SolutionGuid = {DC80E78A-9105-4358-8520-71652EE57CFF}
	EndGlobalSection
EndGlobal
